
Microsoft Visual Studio Solution File, Format Version 12.00
# Visual Studio Version 16
VisualStudioVersion = 16.0.30621.155
MinimumVisualStudioVersion = 10.0.40219.1
Project("{9A19103F-16F7-4668-BE54-9A1E7A4F7556}") = "StarsAPI", "StarsAPI.csproj", "{0F20679A-F14F-4343-B3A3-4A65245EAA1A}"
EndProject
Project("{9A19103F-16F7-4668-BE54-9A1E7A4F7556}") = "StarsAPI.Model", "..\StarsAPI.Model\StarsAPI.Model.csproj", "{9AF032A3-4294-411F-9D26-6BE1A4550120}"
EndProject
Project("{9A19103F-16F7-4668-BE54-9A1E7A4F7556}") = "StarsAPI.Token", "..\StarsAPI.Token\StarsAPI.Token.csproj", "{7B2164C6-0C3F-4795-A6D3-20008E25D2B0}"
EndProject
Project("{FAE04EC0-301F-11D3-BF4B-00C04F79EFBC}") = "StarsAPI.Business", "..\StarsAPI.Business\StarsAPI.Business.csproj", "{C849E905-6A0C-44CA-9C17-174B5C82555E}"
EndProject
Project("{FAE04EC0-301F-11D3-BF4B-00C04F79EFBC}") = "StarsAPI.IService", "..\StarsAPI.IService\StarsAPI.IService.csproj", "{73E3A326-0471-4A41-989F-B09A824D3AEE}"
EndProject
Project("{FAE04EC0-301F-11D3-BF4B-00C04F79EFBC}") = "StarsAPI.Service", "..\StarsAPI.Service\StarsAPI.Service.csproj", "{DD1B8A44-6A5C-46E4-84C6-52E83A728F83}"
EndProject
Project("{FAE04EC0-301F-11D3-BF4B-00C04F79EFBC}") = "StarsAPI.Util", "..\StarsAPI.Util\StarsAPI.Util.csproj", "{ABE2EDC9-9276-4AFE-916C-715F8282808F}"
EndProject
Project("{FAE04EC0-301F-11D3-BF4B-00C04F79EFBC}") = "SqlSugar", "..\SqlSugar\SqlSugar.csproj", "{489BB790-226C-4FAD-8D1E-51D72A7FF8E5}"
EndProject
Project("{9A19103F-16F7-4668-BE54-9A1E7A4F7556}") = "StarsAPI.Entity", "..\StarsAPI.Entity\StarsAPI.Entity.csproj", "{2EFE0BE6-0AA9-4247-A634-8A62026C9EE3}"
EndProject
Global
	GlobalSection(SolutionConfigurationPlatforms) = preSolution
		Debug|Any CPU = Debug|Any CPU
		Release|Any CPU = Release|Any CPU
	EndGlobalSection
	GlobalSection(ProjectConfigurationPlatforms) = postSolution
		{0F20679A-F14F-4343-B3A3-4A65245EAA1A}.Debug|Any CPU.ActiveCfg = Debug|Any CPU
		{0F20679A-F14F-4343-B3A3-4A65245EAA1A}.Debug|Any CPU.Build.0 = Debug|Any CPU
		{0F20679A-F14F-4343-B3A3-4A65245EAA1A}.Release|Any CPU.ActiveCfg = Release|Any CPU
		{0F20679A-F14F-4343-B3A3-4A65245EAA1A}.Release|Any CPU.Build.0 = Release|Any CPU
		{9AF032A3-4294-411F-9D26-6BE1A4550120}.Debug|Any CPU.ActiveCfg = Debug|Any CPU
		{9AF032A3-4294-411F-9D26-6BE1A4550120}.Debug|Any CPU.Build.0 = Debug|Any CPU
		{9AF032A3-4294-411F-9D26-6BE1A4550120}.Release|Any CPU.ActiveCfg = Release|Any CPU
		{9AF032A3-4294-411F-9D26-6BE1A4550120}.Release|Any CPU.Build.0 = Release|Any CPU
		{7B2164C6-0C3F-4795-A6D3-20008E25D2B0}.Debug|Any CPU.ActiveCfg = Debug|Any CPU
		{7B2164C6-0C3F-4795-A6D3-20008E25D2B0}.Debug|Any CPU.Build.0 = Debug|Any CPU
		{7B2164C6-0C3F-4795-A6D3-20008E25D2B0}.Release|Any CPU.ActiveCfg = Release|Any CPU
		{7B2164C6-0C3F-4795-A6D3-20008E25D2B0}.Release|Any CPU.Build.0 = Release|Any CPU
		{C849E905-6A0C-44CA-9C17-174B5C82555E}.Debug|Any CPU.ActiveCfg = Debug|Any CPU
		{C849E905-6A0C-44CA-9C17-174B5C82555E}.Debug|Any CPU.Build.0 = Debug|Any CPU
		{C849E905-6A0C-44CA-9C17-174B5C82555E}.Release|Any CPU.ActiveCfg = Release|Any CPU
		{C849E905-6A0C-44CA-9C17-174B5C82555E}.Release|Any CPU.Build.0 = Release|Any CPU
		{73E3A326-0471-4A41-989F-B09A824D3AEE}.Debug|Any CPU.ActiveCfg = Debug|Any CPU
		{73E3A326-0471-4A41-989F-B09A824D3AEE}.Debug|Any CPU.Build.0 = Debug|Any CPU
		{73E3A326-0471-4A41-989F-B09A824D3AEE}.Release|Any CPU.ActiveCfg = Release|Any CPU
		{73E3A326-0471-4A41-989F-B09A824D3AEE}.Release|Any CPU.Build.0 = Release|Any CPU
		{DD1B8A44-6A5C-46E4-84C6-52E83A728F83}.Debug|Any CPU.ActiveCfg = Debug|Any CPU
		{DD1B8A44-6A5C-46E4-84C6-52E83A728F83}.Debug|Any CPU.Build.0 = Debug|Any CPU
		{DD1B8A44-6A5C-46E4-84C6-52E83A728F83}.Release|Any CPU.ActiveCfg = Release|Any CPU
		{DD1B8A44-6A5C-46E4-84C6-52E83A728F83}.Release|Any CPU.Build.0 = Release|Any CPU
		{ABE2EDC9-9276-4AFE-916C-715F8282808F}.Debug|Any CPU.ActiveCfg = Debug|Any CPU
		{ABE2EDC9-9276-4AFE-916C-715F8282808F}.Debug|Any CPU.Build.0 = Debug|Any CPU
		{ABE2EDC9-9276-4AFE-916C-715F8282808F}.Release|Any CPU.ActiveCfg = Release|Any CPU
		{ABE2EDC9-9276-4AFE-916C-715F8282808F}.Release|Any CPU.Build.0 = Release|Any CPU
		{489BB790-226C-4FAD-8D1E-51D72A7FF8E5}.Debug|Any CPU.ActiveCfg = Debug|Any CPU
		{489BB790-226C-4FAD-8D1E-51D72A7FF8E5}.Debug|Any CPU.Build.0 = Debug|Any CPU
		{489BB790-226C-4FAD-8D1E-51D72A7FF8E5}.Release|Any CPU.ActiveCfg = Release|Any CPU
		{489BB790-226C-4FAD-8D1E-51D72A7FF8E5}.Release|Any CPU.Build.0 = Release|Any CPU
		{2EFE0BE6-0AA9-4247-A634-8A62026C9EE3}.Debug|Any CPU.ActiveCfg = Debug|Any CPU
		{2EFE0BE6-0AA9-4247-A634-8A62026C9EE3}.Debug|Any CPU.Build.0 = Debug|Any CPU
		{2EFE0BE6-0AA9-4247-A634-8A62026C9EE3}.Release|Any CPU.ActiveCfg = Release|Any CPU
		{2EFE0BE6-0AA9-4247-A634-8A62026C9EE3}.Release|Any CPU.Build.0 = Release|Any CPU
	EndGlobalSection
	GlobalSection(SolutionProperties) = preSolution
		HideSolutionNode = FALSE
	EndGlobalSection
	GlobalSection(ExtensibilityGlobals) = postSolution
		SolutionGuid = {559909B1-6C94-4E37-9978-875BE29E3532}
	EndGlobalSection
EndGlobal
